Microsoft Visual Studio Solution File, Format Version 12.00
# Visual Studio 2012
Project("{FAE04EC0-301F-11D3-BF4B-00C04F79EFBC}") = "RimWorld Mod Manager", "RimWorld Mod Manager.csproj", "{7FB0C0F5-7A79-43BA-AF38-05F1D6B27326}"
EndProject
Global
	GlobalSection(SolutionConfigurationPlatforms) = preSolution
	Debug|Any CPU = Debug|Any CPU
	ExportDebug|Any CPU = ExportDebug|Any CPU
	ExportRelease|Any CPU = ExportRelease|Any CPU
	EndGlobalSection
	GlobalSection(ProjectConfigurationPlatforms) = postSolution
		{7FB0C0F5-7A79-43BA-AF38-05F1D6B27326}.Debug|Any CPU.ActiveCfg = Debug|Any CPU
		{7FB0C0F5-7A79-43BA-AF38-05F1D6B27326}.Debug|Any CPU.Build.0 = Debug|Any CPU
		{7FB0C0F5-7A79-43BA-AF38-05F1D6B27326}.ExportDebug|Any CPU.ActiveCfg = ExportDebug|Any CPU
		{7FB0C0F5-7A79-43BA-AF38-05F1D6B27326}.ExportDebug|Any CPU.Build.0 = ExportDebug|Any CPU
		{7FB0C0F5-7A79-43BA-AF38-05F1D6B27326}.ExportRelease|Any CPU.ActiveCfg = ExportRelease|Any CPU
		{7FB0C0F5-7A79-43BA-AF38-05F1D6B27326}.ExportRelease|Any CPU.Build.0 = ExportRelease|Any CPU
	EndGlobalSection
EndGlobal
